# This file is automatically @generated by Cargo.
# It is not intended for manual editing.
version = 4

[[package]]
name = "entrypoint"
version = "0.0.1"
dependencies = [
 "fitness",
 "generation",
 "generator",
 "initializer",
 "selector",
]

[[package]]
name = "fitness"
version = "0.0.1"

[[package]]
name = "generation"
version = "0.0.1"

[[package]]
name = "generator"
version = "0.0.1"

[[package]]
name = "initializer"
version = "0.0.1"

[[package]]
name = "selector"
version = "0.0.1"
